// !$*UTF8*$!
{
	archiveVersion = 1;
	classes = {
	};
	objectVersion = 46;
	objects = {

/* Begin PBXBuildFile section */
		263CA39C1DC2EEE000D729EA /* AppDelegate.swift in Sources */ = {isa = PBXBuildFile; fileRef = 263CA39B1DC2EEE000D729EA /* AppDelegate.swift */; };
		263CA39E1DC2EEE000D729EA /* LoginViewController.swift in Sources */ = {isa = PBXBuildFile; fileRef = 263CA39D1DC2EEE000D729EA /* LoginViewController.swift */; };
		263CA3A11DC2EEE000D729EA /* Main.storyboard in Resources */ = {isa = PBXBuildFile; fileRef = 263CA39F1DC2EEE000D729EA /* Main.storyboard */; };
		263CA3A31DC2EEE000D729EA /* Assets.xcassets in Resources */ = {isa = PBXBuildFile; fileRef = 263CA3A21DC2EEE000D729EA /* Assets.xcassets */; };
		263CA3A61DC2EEE000D729EA /* LaunchScreen.storyboard in Resources */ = {isa = PBXBuildFile; fileRef = 263CA3A41DC2EEE000D729EA /* LaunchScreen.storyboard */; };
		263CA3B11DC2EEE000D729EA /* ParseChatTests.swift in Sources */ = {isa = PBXBuildFile; fileRef = 263CA3B01DC2EEE000D729EA /* ParseChatTests.swift */; };
		263CA3BC1DC2EEE000D729EA /* ParseChatUITests.swift in Sources */ = {isa = PBXBuildFile; fileRef = 263CA3BB1DC2EEE000D729EA /* ParseChatUITests.swift */; };
		82B7AF1B67F7B862031C5ECD /* Pods_ParseChatTests.framework in Frameworks */ = {isa = PBXBuildFile; fileRef = 7891D595678614A2CBEF3DC6 /* Pods_ParseChatTests.framework */; };
		B106ABA23E5A1E7EB17B39E6 /* Pods_ParseChatUITests.framework in Frameworks */ = {isa = PBXBuildFile; fileRef = 0C98F9F935FCC63D8C18B214 /* Pods_ParseChatUITests.framework */; };
		E3D0AE8BAAFB2A09568BDA82 /* Pods_ParseChat.framework in Frameworks */ = {isa = PBXBuildFile; fileRef = 6A2C7DBC52B7AEBC6B4C7DAC /* Pods_ParseChat.framework */; };
/* End PBXBuildFile section */

/* Begin PBXContainerItemProxy section */
		263CA3AD1DC2EEE000D729EA /* PBXContainerItemProxy */ = {
			isa = PBXContainerItemProxy;
			containerPortal = 263CA3901DC2EEE000D729EA /* Project object */;
			proxyType = 1;
			remoteGlobalIDString = 263CA3971DC2EEE000D729EA;
			remoteInfo = ParseChat;
		};
		263CA3B81DC2EEE000D729EA /* PBXContainerItemProxy */ = {
			isa = PBXContainerItemProxy;
			containerPortal = 263CA3901DC2EEE000D729EA /* Project object */;
			proxyType = 1;
			remoteGlobalIDString = 263CA3971DC2EEE000D729EA;
			remoteInfo = ParseChat;
		};
/* End PBXContainerItemProxy section */

/* Begin PBXFileReference section */
		0184937AAD6D12FF105A0F7D /* Pods-ParseChatTests.release.xcconfig */ = {isa = PBXFileReference; includeInIndex = 1; lastKnownFileType = text.xcconfig; name = "Pods-ParseChatTests.release.xcconfig"; path = "Pods/Target Support Files/Pods-ParseChatTests/Pods-ParseChatTests.release.xcconfig"; sourceTree = "<group>"; };
		0398966379BBE29A569434DC /* Pods-ParseChat.debug.xcconfig */ = {isa = PBXFileReference; includeInIndex = 1; lastKnownFileType = text.xcconfig; name = "Pods-ParseChat.debug.xcconfig"; path = "Pods/Target Support Files/Pods-ParseChat/Pods-ParseChat.debug.xcconfig"; sourceTree = "<group>"; };
		0C98F9F935FCC63D8C18B214 /* Pods_ParseChatUITests.framework */ = {isa = PBXFileReference; explicitFileType = wrapper.framework; includeInIndex = 0; path = Pods_ParseChatUITests.framework; sourceTree = BUILT_PRODUCTS_DIR; };
		14ADDBE9F660F4B396435CA7 /* Pods-ParseChatUITests.debug.xcconfig */ = {isa = PBXFileReference; includeInIndex = 1; lastKnownFileType = text.xcconfig; name = "Pods-ParseChatUITests.debug.xcconfig"; path = "Pods/Target Support Files/Pods-ParseChatUITests/Pods-ParseChatUITests.debug.xcconfig"; sourceTree = "<group>"; };
		263CA3981DC2EEE000D729EA /* ParseChat.app */ = {isa = PBXFileReference; explicitFileType = wrapper.application; includeInIndex = 0; path = ParseChat.app; sourceTree = BUILT_PRODUCTS_DIR; };
		263CA39B1DC2EEE000D729EA /* AppDelegate.swift */ = {isa = PBXFileReference; lastKnownFileType = sourcecode.swift; path = AppDelegate.swift; sourceTree = "<group>"; };
		263CA39D1DC2EEE000D729EA /* LoginViewController.swift */ = {isa = PBXFileReference; lastKnownFileType = sourcecode.swift; path = LoginViewController.swift; sourceTree = "<group>"; };
		263CA3A01DC2EEE000D729EA /* Base */ = {isa = PBXFileReference; lastKnownFileType = file.storyboard; name = Base; path = Base.lproj/Main.storyboard; sourceTree = "<group>"; };
		263CA3A21DC2EEE000D729EA /* Assets.xcassets */ = {isa = PBXFileReference; lastKnownFileType = folder.assetcatalog; path = Assets.xcassets; sourceTree = "<group>"; };
		263CA3A51DC2EEE000D729EA /* Base */ = {isa = PBXFileReference; lastKnownFileType = file.storyboard; name = Base; path = Base.lproj/LaunchScreen.storyboard; sourceTree = "<group>"; };
		263CA3A71DC2EEE000D729EA /* Info.plist */ = {isa = PBXFileReference; lastKnownFileType = text.plist.xml; path = Info.plist; sourceTree = "<group>"; };
		263CA3AC1DC2EEE000D729EA /* ParseChatTests.xctest */ = {isa = PBXFileReference; explicitFileType = wrapper.cfbundle; includeInIndex = 0; path = ParseChatTests.xctest; sourceTree = BUILT_PRODUCTS_DIR; };
		263CA3B01DC2EEE000D729EA /* ParseChatTests.swift */ = {isa = PBXFileReference; lastKnownFileType = sourcecode.swift; path = ParseChatTests.swift; sourceTree = "<group>"; };
		263CA3B21DC2EEE000D729EA /* Info.plist */ = {isa = PBXFileReference; lastKnownFileType = text.plist.xml; path = Info.plist; sourceTree = "<group>"; };
		263CA3B71DC2EEE000D729EA /* ParseChatUITests.xctest */ = {isa = PBXFileReference; explicitFileType = wrapper.cfbundle; includeInIndex = 0; path = ParseChatUITests.xctest; sourceTree = BUILT_PRODUCTS_DIR; };
		263CA3BB1DC2EEE000D729EA /* ParseChatUITests.swift */ = {isa = PBXFileReference; lastKnownFileType = sourcecode.swift; path = ParseChatUITests.swift; sourceTree = "<group>"; };
		263CA3BD1DC2EEE000D729EA /* Info.plist */ = {isa = PBXFileReference; lastKnownFileType = text.plist.xml; path = Info.plist; sourceTree = "<group>"; };
		6A2C7DBC52B7AEBC6B4C7DAC /* Pods_ParseChat.framework */ = {isa = PBXFileReference; explicitFileType = wrapper.framework; includeInIndex = 0; path = Pods_ParseChat.framework; sourceTree = BUILT_PRODUCTS_DIR; };
		7891D595678614A2CBEF3DC6 /* Pods_ParseChatTests.framework */ = {isa = PBXFileReference; explicitFileType = wrapper.framework; includeInIndex = 0; path = Pods_ParseChatTests.framework; sourceTree = BUILT_PRODUCTS_DIR; };
		BE83543122438D48DB922879 /* Pods-ParseChat.release.xcconfig */ = {isa = PBXFileReference; includeInIndex = 1; lastKnownFileType = text.xcconfig; name = "Pods-ParseChat.release.xcconfig"; path = "Pods/Target Support Files/Pods-ParseChat/Pods-ParseChat.release.xcconfig"; sourceTree = "<group>"; };
		CC5CDD6679CE4F20E79E694A /* Pods-ParseChatUITests.release.xcconfig */ = {isa = PBXFileReference; includeInIndex = 1; lastKnownFileType = text.xcconfig; name = "Pods-ParseChatUITests.release.xcconfig"; path = "Pods/Target Support Files/Pods-ParseChatUITests/Pods-ParseChatUITests.release.xcconfig"; sourceTree = "<group>"; };
		DF3DCFCBA9B76B0746DF1DF4 /* Pods-ParseChatTests.debug.xcconfig */ = {isa = PBXFileReference; includeInIndex = 1; lastKnownFileType = text.xcconfig; name = "Pods-ParseChatTests.debug.xcconfig"; path = "Pods/Target Support Files/Pods-ParseChatTests/Pods-ParseChatTests.debug.xcconfig"; sourceTree = "<group>"; };
/* End PBXFileReference section */

/* Begin PBXFrameworksBuildPhase section */
		263CA3951DC2EEE000D729EA /* Frameworks */ = {
			isa = PBXFrameworksBuildPhase;
			buildActionMask = 2147483647;
			files = (
				E3D0AE8BAAFB2A09568BDA82 /* Pods_ParseChat.framework in Frameworks */,
			);
			runOnlyForDeploymentPostprocessing = 0;
		};
		263CA3A91DC2EEE000D729EA /* Frameworks */ = {
			isa = PBXFrameworksBuildPhase;
			buildActionMask = 2147483647;
			files = (
				82B7AF1B67F7B862031C5ECD /* Pods_ParseChatTests.framework in Frameworks */,
			);
			runOnlyForDeploymentPostprocessing = 0;
		};
		263CA3B41DC2EEE000D729EA /* Frameworks */ = {
			isa = PBXFrameworksBuildPhase;
			buildActionMask = 2147483647;
			files = (
				B106ABA23E5A1E7EB17B39E6 /* Pods_ParseChatUITests.framework in Frameworks */,
			);
			runOnlyForDeploymentPostprocessing = 0;
		};
/* End PBXFrameworksBuildPhase section */

/* Begin PBXGroup section */
		0CB8E8AAFB6E77138A2C62E3 /* Pods */ = {
			isa = PBXGroup;
			children = (
				0398966379BBE29A569434DC /* Pods-ParseChat.debug.xcconfig */,
				BE83543122438D48DB922879 /* Pods-ParseChat.release.xcconfig */,
				DF3DCFCBA9B76B0746DF1DF4 /* Pods-ParseChatTests.debug.xcconfig */,
				0184937AAD6D12FF105A0F7D /* Pods-ParseChatTests.release.xcconfig */,
				14ADDBE9F660F4B396435CA7 /* Pods-ParseChatUITests.debug.xcconfig */,
				CC5CDD6679CE4F20E79E694A /* Pods-ParseChatUITests.release.xcconfig */,
			);
			name = Pods;
			sourceTree = "<group>";
		};
		19A3E42ACD338E04A13153FE /* Frameworks */ = {
			isa = PBXGroup;
			children = (
				6A2C7DBC52B7AEBC6B4C7DAC /* Pods_ParseChat.framework */,
				7891D595678614A2CBEF3DC6 /* Pods_ParseChatTests.framework */,
				0C98F9F935FCC63D8C18B214 /* Pods_ParseChatUITests.framework */,
			);
			name = Frameworks;
			sourceTree = "<group>";
		};
		263CA38F1DC2EEE000D729EA = {
			isa = PBXGroup;
			children = (
				263CA39A1DC2EEE000D729EA /* ParseChat */,
				263CA3AF1DC2EEE000D729EA /* ParseChatTests */,
				263CA3BA1DC2EEE000D729EA /* ParseChatUITests */,
				263CA3991DC2EEE000D729EA /* Products */,
				0CB8E8AAFB6E77138A2C62E3 /* Pods */,
				19A3E42ACD338E04A13153FE /* Frameworks */,
			);
			sourceTree = "<group>";
		};
		263CA3991DC2EEE000D729EA /* Products */ = {
			isa = PBXGroup;
			children = (
				263CA3981DC2EEE000D729EA /* ParseChat.app */,
				263CA3AC1DC2EEE000D729EA /* ParseChatTests.xctest */,
				263CA3B71DC2EEE000D729EA /* ParseChatUITests.xctest */,
			);
			name = Products;
			sourceTree = "<group>";
		};
		263CA39A1DC2EEE000D729EA /* ParseChat */ = {
			isa = PBXGroup;
			children = (
				263CA39B1DC2EEE000D729EA /* AppDelegate.swift */,
				263CA39D1DC2EEE000D729EA /* LoginViewController.swift */,
				263CA39F1DC2EEE000D729EA /* Main.storyboard */,
				263CA3A21DC2EEE000D729EA /* Assets.xcassets */,
				263CA3A41DC2EEE000D729EA /* LaunchScreen.storyboard */,
				263CA3A71DC2EEE000D729EA /* Info.plist */,
			);
			path = ParseChat;
			sourceTree = "<group>";
		};
		263CA3AF1DC2EEE000D729EA /* ParseChatTests */ = {
			isa = PBXGroup;
			children = (
				263CA3B01DC2EEE000D729EA /* ParseChatTests.swift */,
				263CA3B21DC2EEE000D729EA /* Info.plist */,
			);
			path = ParseChatTests;
			sourceTree = "<group>";
		};
		263CA3BA1DC2EEE000D729EA /* ParseChatUITests */ = {
			isa = PBXGroup;
			children = (
				263CA3BB1DC2EEE000D729EA /* ParseChatUITests.swift */,
				263CA3BD1DC2EEE000D729EA /* Info.plist */,
			);
			path = ParseChatUITests;
			sourceTree = "<group>";
		};
/* End PBXGroup section */

/* Begin PBXNativeTarget section */
		263CA3971DC2EEE000D729EA /* ParseChat */ = {
			isa = PBXNativeTarget;
			buildConfigurationList = 263CA3C01DC2EEE000D729EA /* Build configuration list for PBXNativeTarget "ParseChat" */;
			buildPhases = (
				DEAC0C6738FBDAD8B55952D8 /* [CP] Check Pods Manifest.lock */,
				263CA3941DC2EEE000D729EA /* Sources */,
				263CA3951DC2EEE000D729EA /* Frameworks */,
				263CA3961DC2EEE000D729EA /* Resources */,
				291E417F107BA71F6B99B13B /* [CP] Embed Pods Frameworks */,
				DD841844E9642C2B8A9AD0F7 /* [CP] Copy Pods Resources */,
			);
			buildRules = (
			);
			dependencies = (
			);
			name = ParseChat;
			productName = ParseChat;
			productReference = 263CA3981DC2EEE000D729EA /* ParseChat.app */;
			productType = "com.apple.product-type.application";
		};
		263CA3AB1DC2EEE000D729EA /* ParseChatTests */ = {
			isa = PBXNativeTarget;
			buildConfigurationList = 263CA3C31DC2EEE000D729EA /* Build configuration list for PBXNativeTarget "ParseChatTests" */;
			buildPhases = (
				AEE466E4DA34D28AB63459F3 /* [CP] Check Pods Manifest.lock */,
				263CA3A81DC2EEE000D729EA /* Sources */,
				263CA3A91DC2EEE000D729EA /* Frameworks */,
				263CA3AA1DC2EEE000D729EA /* Resources */,
				AA622EB4BF789C5CD799C72E /* [CP] Embed Pods Frameworks */,
				1976C7C7E068A5481224EFC6 /* [CP] Copy Pods Resources */,
			);
			buildRules = (
			);
			dependencies = (
				263CA3AE1DC2EEE000D729EA /* PBXTargetDependency */,
			);
			name = ParseChatTests;
			productName = ParseChatTests;
			productReference = 263CA3AC1DC2EEE000D729EA /* ParseChatTests.xctest */;
			productType = "com.apple.product-type.bundle.unit-test";
		};
		263CA3B61DC2EEE000D729EA /* ParseChatUITests */ = {
			isa = PBXNativeTarget;
			buildConfigurationList = 263CA3C61DC2EEE000D729EA /* Build configuration list for PBXNativeTarget "ParseChatUITests" */;
			buildPhases = (
				F117A9211213638BF4CEDAD8 /* [CP] Check Pods Manifest.lock */,
				263CA3B31DC2EEE000D729EA /* Sources */,
				263CA3B41DC2EEE000D729EA /* Frameworks */,
				263CA3B51DC2EEE000D729EA /* Resources */,
				D84AAC5EA80E2FA67A025F19 /* [CP] Copy Pods Resources */,
			);
			buildRules = (
			);
			dependencies = (
				263CA3B91DC2EEE000D729EA /* PBXTargetDependency */,
			);
			name = ParseChatUITests;
			productName = ParseChatUITests;
			productReference = 263CA3B71DC2EEE000D729EA /* ParseChatUITests.xctest */;
			productType = "com.apple.product-type.bundle.ui-testing";
		};
/* End PBXNativeTarget section */

/* Begin PBXProject section */
		263CA3901DC2EEE000D729EA /* Project object */ = {
			isa = PBXProject;
			attributes = {
				LastSwiftUpdateCheck = 0800;
				LastUpgradeCheck = 0800;
				ORGANIZATIONNAME = "Jen Aprahamian";
				TargetAttributes = {
					263CA3971DC2EEE000D729EA = {
						CreatedOnToolsVersion = 8.0;
						ProvisioningStyle = Automatic;
					};
					263CA3AB1DC2EEE000D729EA = {
						CreatedOnToolsVersion = 8.0;
						ProvisioningStyle = Automatic;
						TestTargetID = 263CA3971DC2EEE000D729EA;
					};
					263CA3B61DC2EEE000D729EA = {
						CreatedOnToolsVersion = 8.0;
						ProvisioningStyle = Automatic;
						TestTargetID = 263CA3971DC2EEE000D729EA;
					};
				};
			};
			buildConfigurationList = 263CA3931DC2EEE000D729EA /* Build configuration list for PBXProject "ParseChat" */;
			compatibilityVersion = "Xcode 3.2";
			developmentRegion = English;
			hasScannedForEncodings = 0;
			knownRegions = (
				en,
				Base,
			);
			mainGroup = 263CA38F1DC2EEE000D729EA;
			productRefGroup = 263CA3991DC2EEE000D729EA /* Products */;
			projectDirPath = "";
			projectRoot = "";
			targets = (
				263CA3971DC2EEE000D729EA /* ParseChat */,
				263CA3AB1DC2EEE000D729EA /* ParseChatTests */,
				263CA3B61DC2EEE000D729EA /* ParseChatUITests */,
			);
		};
/* End PBXProject section */

/* Begin PBXResourcesBuildPhase section */
		263CA3961DC2EEE000D729EA /* Resources */ = {
			isa = PBXResourcesBuildPhase;
			buildActionMask = 2147483647;
			files = (
				263CA3A61DC2EEE000D729EA /* LaunchScreen.storyboard in Resources */,
				263CA3A31DC2EEE000D729EA /* Assets.xcassets in Resources */,
				263CA3A11DC2EEE000D729EA /* Main.storyboard in Resources */,
			);
			runOnlyForDeploymentPostprocessing = 0;
		};
		263CA3AA1DC2EEE000D729EA /* Resources */ = {
			isa = PBXResourcesBuildPhase;
			buildActionMask = 2147483647;
			files = (
			);
			runOnlyForDeploymentPostprocessing = 0;
		};
		263CA3B51DC2EEE000D729EA /* Resources */ = {
			isa = PBXResourcesBuildPhase;
			buildActionMask = 2147483647;
			files = (
			);
			runOnlyForDeploymentPostprocessing = 0;
		};
/* End PBXResourcesBuildPhase section */

/* Begin PBXShellScriptBuildPhase section */
		1976C7C7E068A5481224EFC6 /* [CP] Copy Pods Resources */ = {
			isa = PBXShellScriptBuildPhase;
			buildActionMask = 2147483647;
			files = (
			);
			inputPaths = (
			);
			name = "[CP] Copy Pods Resources";
			outputPaths = (
			);
			runOnlyForDeploymentPostprocessing = 0;
			shellPath = /bin/sh;
			shellScript = "\"${SRCROOT}/Pods/Target Support Files/Pods-ParseChatTests/Pods-ParseChatTests-resources.sh\"\n";
			showEnvVarsInLog = 0;
		};
		291E417F107BA71F6B99B13B /* [CP] Embed Pods Frameworks */ = {
			isa = PBXShellScriptBuildPhase;
			buildActionMask = 2147483647;
			files = (
			);
			inputPaths = (
			);
			name = "[CP] Embed Pods Frameworks";
			outputPaths = (
			);
			runOnlyForDeploymentPostprocessing = 0;
			shellPath = /bin/sh;
			shellScript = "\"${SRCROOT}/Pods/Target Support Files/Pods-ParseChat/Pods-ParseChat-frameworks.sh\"\n";
			showEnvVarsInLog = 0;
		};
		AA622EB4BF789C5CD799C72E /* [CP] Embed Pods Frameworks */ = {
			isa = PBXShellScriptBuildPhase;
			buildActionMask = 2147483647;
			files = (
			);
			inputPaths = (
			);
			name = "[CP] Embed Pods Frameworks";
			outputPaths = (
			);
			runOnlyForDeploymentPostprocessing = 0;
			shellPath = /bin/sh;
			shellScript = "\"${SRCROOT}/Pods/Target Support Files/Pods-ParseChatTests/Pods-ParseChatTests-frameworks.sh\"\n";
			showEnvVarsInLog = 0;
		};
		AEE466E4DA34D28AB63459F3 /* [CP] Check Pods Manifest.lock */ = {
			isa = PBXShellScriptBuildPhase;
			buildActionMask = 2147483647;
			files = (
			);
			inputPaths = (
			);
			name = "[CP] Check Pods Manifest.lock";
			outputPaths = (
			);
			runOnlyForDeploymentPostprocessing = 0;
			shellPath = /bin/sh;
			shellScript = "diff \"${PODS_ROOT}/../Podfile.lock\" \"${PODS_ROOT}/Manifest.lock\" > /dev/null\nif [[ $? != 0 ]] ; then\n    cat << EOM\nerror: The sandbox is not in sync with the Podfile.lock. Run 'pod install' or update your CocoaPods installation.\nEOM\n    exit 1\nfi\n";
			showEnvVarsInLog = 0;
		};
		D84AAC5EA80E2FA67A025F19 /* [CP] Copy Pods Resources */ = {
			isa = PBXShellScriptBuildPhase;
			buildActionMask = 2147483647;
			files = (
			);
			inputPaths = (
			);
			name = "[CP] Copy Pods Resources";
			outputPaths = (
			);
			runOnlyForDeploymentPostprocessing = 0;
			shellPath = /bin/sh;
			shellScript = "\"${SRCROOT}/Pods/Target Support Files/Pods-ParseChatUITests/Pods-ParseChatUITests-resources.sh\"\n";
			showEnvVarsInLog = 0;
		};
		DD841844E9642C2B8A9AD0F7 /* [CP] Copy Pods Resources */ = {
			isa = PBXShellScriptBuildPhase;
			buildActionMask = 2147483647;
			files = (
			);
			inputPaths = (
			);
			name = "[CP] Copy Pods Resources";
			outputPaths = (
			);
			runOnlyForDeploymentPostprocessing = 0;
			shellPath = /bin/sh;
			shellScript = "\"${SRCROOT}/Pods/Target Support Files/Pods-ParseChat/Pods-ParseChat-resources.sh\"\n";
			showEnvVarsInLog = 0;
		};
		DEAC0C6738FBDAD8B55952D8 /* [CP] Check Pods Manifest.lock */ = {
			isa = PBXShellScriptBuildPhase;
			buildActionMask = 2147483647;
			files = (
			);
			inputPaths = (
			);
			name = "[CP] Check Pods Manifest.lock";
			outputPaths = (
			);
			runOnlyForDeploymentPostprocessing = 0;
			shellPath = /bin/sh;
			shellScript = "diff \"${PODS_ROOT}/../Podfile.lock\" \"${PODS_ROOT}/Manifest.lock\" > /dev/null\nif [[ $? != 0 ]] ; then\n    cat << EOM\nerror: The sandbox is not in sync with the Podfile.lock. Run 'pod install' or update your CocoaPods installation.\nEOM\n    exit 1\nfi\n";
			showEnvVarsInLog = 0;
		};
		F117A9211213638BF4CEDAD8 /* [CP] Check Pods Manifest.lock */ = {
			isa = PBXShellScriptBuildPhase;
			buildActionMask = 2147483647;
			files = (
			);
			inputPaths = (
			);
			name = "[CP] Check Pods Manifest.lock";
			outputPaths = (
			);
			runOnlyForDeploymentPostprocessing = 0;
			shellPath = /bin/sh;
			shellScript = "diff \"${PODS_ROOT}/../Podfile.lock\" \"${PODS_ROOT}/Manifest.lock\" > /dev/null\nif [[ $? != 0 ]] ; then\n    cat << EOM\nerror: The sandbox is not in sync with the Podfile.lock. Run 'pod install' or update your CocoaPods installation.\nEOM\n    exit 1\nfi\n";
			showEnvVarsInLog = 0;
		};
/* End PBXShellScriptBuildPhase section */

/* Begin PBXSourcesBuildPhase section */
		263CA3941DC2EEE000D729EA /* Sources */ = {
			isa = PBXSourcesBuildPhase;
			buildActionMask = 2147483647;
			files = (
				263CA39E1DC2EEE000D729EA /* LoginViewController.swift in Sources */,
				263CA39C1DC2EEE000D729EA /* AppDelegate.swift in Sources */,
			);
			runOnlyForDeploymentPostprocessing = 0;
		};
		263CA3A81DC2EEE000D729EA /* Sources */ = {
			isa = PBXSourcesBuildPhase;
			buildActionMask = 2147483647;
			files = (
				263CA3B11DC2EEE000D729EA /* ParseChatTests.swift in Sources */,
			);
			runOnlyForDeploymentPostprocessing = 0;
		};
		263CA3B31DC2EEE000D729EA /* Sources */ = {
			isa = PBXSourcesBuildPhase;
			buildActionMask = 2147483647;
			files = (
				263CA3BC1DC2EEE000D729EA /* ParseChatUITests.swift in Sources */,
			);
			runOnlyForDeploymentPostprocessing = 0;
		};
/* End PBXSourcesBuildPhase section */

/* Begin PBXTargetDependency section */
		263CA3AE1DC2EEE000D729EA /* PBXTargetDependency */ = {
			isa = PBXTargetDependency;
			target = 263CA3971DC2EEE000D729EA /* ParseChat */;
			targetProxy = 263CA3AD1DC2EEE000D729EA /* PBXContainerItemProxy */;
		};
		263CA3B91DC2EEE000D729EA /* PBXTargetDependency */ = {
			isa = PBXTargetDependency;
			target = 263CA3971DC2EEE000D729EA /* ParseChat */;
			targetProxy = 263CA3B81DC2EEE000D729EA /* PBXContainerItemProxy */;
		};
/* End PBXTargetDependency section */

/* Begin PBXVariantGroup section */
		263CA39F1DC2EEE000D729EA /* Main.storyboard */ = {
			isa = PBXVariantGroup;
			children = (
				263CA3A01DC2EEE000D729EA /* Base */,
			);
			name = Main.storyboard;
			sourceTree = "<group>";
		};
		263CA3A41DC2EEE000D729EA /* LaunchScreen.storyboard */ = {
			isa = PBXVariantGroup;
			children = (
				263CA3A51DC2EEE000D729EA /* Base */,
			);
			name = LaunchScreen.storyboard;
			sourceTree = "<group>";
		};
/* End PBXVariantGroup section */

/* Begin XCBuildConfiguration section */
		263CA3BE1DC2EEE000D729EA /* Debug */ = {
			isa = XCBuildConfiguration;
			buildSettings = {
				ALWAYS_SEARCH_USER_PATHS = NO;
				CLANG_ANALYZER_NONNULL = YES;
				CLANG_CXX_LANGUAGE_STANDARD = "gnu++0x";
				CLANG_CXX_LIBRARY = "libc++";
				CLANG_ENABLE_MODULES = YES;
				CLANG_ENABLE_OBJC_ARC = YES;
				CLANG_WARN_BOOL_CONVERSION = YES;
				CLANG_WARN_CONSTANT_CONVERSION = YES;
				CLANG_WARN_DIRECT_OBJC_ISA_USAGE = YES_ERROR;
				CLANG_WARN_DOCUMENTATION_COMMENTS = YES;
				CLANG_WARN_EMPTY_BODY = YES;
				CLANG_WARN_ENUM_CONVERSION = YES;
				CLANG_WARN_INFINITE_RECURSION = YES;
				CLANG_WARN_INT_CONVERSION = YES;
				CLANG_WARN_OBJC_ROOT_CLASS = YES_ERROR;
				CLANG_WARN_SUSPICIOUS_MOVES = YES;
				CLANG_WARN_UNREACHABLE_CODE = YES;
				CLANG_WARN__DUPLICATE_METHOD_MATCH = YES;
				"CODE_SIGN_IDENTITY[sdk=iphoneos*]" = "iPhone Developer";
				COPY_PHASE_STRIP = NO;
				DEBUG_INFORMATION_FORMAT = dwarf;
				ENABLE_STRICT_OBJC_MSGSEND = YES;
				ENABLE_TESTABILITY = YES;
				GCC_C_LANGUAGE_STANDARD = gnu99;
				GCC_DYNAMIC_NO_PIC = NO;
				GCC_NO_COMMON_BLOCKS = YES;
				GCC_OPTIMIZATION_LEVEL = 0;
				GCC_PREPROCESSOR_DEFINITIONS = (
					"DEBUG=1",
					"$(inherited)",
				);
				GCC_WARN_64_TO_32_BIT_CONVERSION = YES;
				GCC_WARN_ABOUT_RETURN_TYPE = YES_ERROR;
				GCC_WARN_UNDECLARED_SELECTOR = YES;
				GCC_WARN_UNINITIALIZED_AUTOS = YES_AGGRESSIVE;
				GCC_WARN_UNUSED_FUNCTION = YES;
				GCC_WARN_UNUSED_VARIABLE = YES;
				IPHONEOS_DEPLOYMENT_TARGET = 10.0;
				MTL_ENABLE_DEBUG_INFO = YES;
				ONLY_ACTIVE_ARCH = YES;
				SDKROOT = iphoneos;
				SWIFT_ACTIVE_COMPILATION_CONDITIONS = DEBUG;
				SWIFT_OPTIMIZATION_LEVEL = "-Onone";
			};
			name = Debug;
		};
		263CA3BF1DC2EEE000D729EA /* Release */ = {
			isa = XCBuildConfiguration;
			buildSettings = {
				ALWAYS_SEARCH_USER_PATHS = NO;
				CLANG_ANALYZER_NONNULL = YES;
				CLANG_CXX_LANGUAGE_STANDARD = "gnu++0x";
				CLANG_CXX_LIBRARY = "libc++";
				CLANG_ENABLE_MODULES = YES;
				CLANG_ENABLE_OBJC_ARC = YES;
				CLANG_WARN_BOOL_CONVERSION = YES;
				CLANG_WARN_CONSTANT_CONVERSION = YES;
				CLANG_WARN_DIRECT_OBJC_ISA_USAGE = YES_ERROR;
				CLANG_WARN_DOCUMENTATION_COMMENTS = YES;
				CLANG_WARN_EMPTY_BODY = YES;
				CLANG_WARN_ENUM_CONVERSION = YES;
				CLANG_WARN_INFINITE_RECURSION = YES;
				CLANG_WARN_INT_CONVERSION = YES;
				CLANG_WARN_OBJC_ROOT_CLASS = YES_ERROR;
				CLANG_WARN_SUSPICIOUS_MOVES = YES;
				CLANG_WARN_UNREACHABLE_CODE = YES;
				CLANG_WARN__DUPLICATE_METHOD_MATCH = YES;
				"CODE_SIGN_IDENTITY[sdk=iphoneos*]" = "iPhone Developer";
				COPY_PHASE_STRIP = NO;
				DEBUG_INFORMATION_FORMAT = "dwarf-with-dsym";
				ENABLE_NS_ASSERTIONS = NO;
				ENABLE_STRICT_OBJC_MSGSEND = YES;
				GCC_C_LANGUAGE_STANDARD = gnu99;
				GCC_NO_COMMON_BLOCKS = YES;
				GCC_WARN_64_TO_32_BIT_CONVERSION = YES;
				GCC_WARN_ABOUT_RETURN_TYPE = YES_ERROR;
				GCC_WARN_UNDECLARED_SELECTOR = YES;
				GCC_WARN_UNINITIALIZED_AUTOS = YES_AGGRESSIVE;
				GCC_WARN_UNUSED_FUNCTION = YES;
				GCC_WARN_UNUSED_VARIABLE = YES;
				IPHONEOS_DEPLOYMENT_TARGET = 10.0;
				MTL_ENABLE_DEBUG_INFO = NO;
				SDKROOT = iphoneos;
				SWIFT_OPTIMIZATION_LEVEL = "-Owholemodule";
				VALIDATE_PRODUCT = YES;
			};
			name = Release;
		};
		263CA3C11DC2EEE000D729EA /* Debug */ = {
			isa = XCBuildConfiguration;
			baseConfigurationReference = 0398966379BBE29A569434DC /* Pods-ParseChat.debug.xcconfig */;
			buildSettings = {
				ASSETCATALOG_COMPILER_APPICON_NAME = AppIcon;
				INFOPLIST_FILE = ParseChat/Info.plist;
				LD_RUNPATH_SEARCH_PATHS = "$(inherited) @executable_path/Frameworks";
				PRODUCT_BUNDLE_IDENTIFIER = com.splendid.ParseChat;
				PRODUCT_NAME = "$(TARGET_NAME)";
				SWIFT_VERSION = 3.0;
			};
			name = Debug;
		};
		263CA3C21DC2EEE000D729EA /* Release */ = {
			isa = XCBuildConfiguration;
			baseConfigurationReference = BE83543122438D48DB922879 /* Pods-ParseChat.release.xcconfig */;
			buildSettings = {
				ASSETCATALOG_COMPILER_APPICON_NAME = AppIcon;
				INFOPLIST_FILE = ParseChat/Info.plist;
				LD_RUNPATH_SEARCH_PATHS = "$(inherited) @executable_path/Frameworks";
				PRODUCT_BUNDLE_IDENTIFIER = com.splendid.ParseChat;
				PRODUCT_NAME = "$(TARGET_NAME)";
				SWIFT_VERSION = 3.0;
			};
			name = Release;
		};
		263CA3C41DC2EEE000D729EA /* Debug */ = {
			isa = XCBuildConfiguration;
			baseConfigurationReference = DF3DCFCBA9B76B0746DF1DF4 /* Pods-ParseChatTests.debug.xcconfig */;
			buildSettings = {
				ALWAYS_EMBED_SWIFT_STANDARD_LIBRARIES = YES;
				BUNDLE_LOADER = "$(TEST_HOST)";
				INFOPLIST_FILE = ParseChatTests/Info.plist;
				LD_RUNPATH_SEARCH_PATHS = "$(inherited) @executable_path/Frameworks @loader_path/Frameworks";
				PRODUCT_BUNDLE_IDENTIFIER = com.splendid.ParseChatTests;
				PRODUCT_NAME = "$(TARGET_NAME)";
				SWIFT_VERSION = 3.0;
				TEST_HOST = "$(BUILT_PRODUCTS_DIR)/ParseChat.app/ParseChat";
			};
			name = Debug;
		};
		263CA3C51DC2EEE000D729EA /* Release */ = {
			isa = XCBuildConfiguration;
			baseConfigurationReference = 0184937AAD6D12FF105A0F7D /* Pods-ParseChatTests.release.xcconfig */;
			buildSettings = {
				ALWAYS_EMBED_SWIFT_STANDARD_LIBRARIES = YES;
				BUNDLE_LOADER = "$(TEST_HOST)";
				INFOPLIST_FILE = ParseChatTests/Info.plist;
				LD_RUNPATH_SEARCH_PATHS = "$(inherited) @executable_path/Frameworks @loader_path/Frameworks";
				PRODUCT_BUNDLE_IDENTIFIER = com.splendid.ParseChatTests;
				PRODUCT_NAME = "$(TARGET_NAME)";
				SWIFT_VERSION = 3.0;
				TEST_HOST = "$(BUILT_PRODUCTS_DIR)/ParseChat.app/ParseChat";
			};
			name = Release;
		};
		263CA3C71DC2EEE000D729EA /* Debug */ = {
			isa = XCBuildConfiguration;
			baseConfigurationReference = 14ADDBE9F660F4B396435CA7 /* Pods-ParseChatUITests.debug.xcconfig */;
			buildSettings = {
				ALWAYS_EMBED_SWIFT_STANDARD_LIBRARIES = YES;
				INFOPLIST_FILE = ParseChatUITests/Info.plist;
				LD_RUNPATH_SEARCH_PATHS = "$(inherited) @executable_path/Frameworks @loader_path/Frameworks";
				PRODUCT_BUNDLE_IDENTIFIER = com.splendid.ParseChatUITests;
				PRODUCT_NAME = "$(TARGET_NAME)";
				SWIFT_VERSION = 3.0;
				TEST_TARGET_NAME = ParseChat;
			};
			name = Debug;
		};
		263CA3C81DC2EEE000D729EA /* Release */ = {
			isa = XCBuildConfiguration;
			baseConfigurationReference = CC5CDD6679CE4F20E79E694A /* Pods-ParseChatUITests.release.xcconfig */;
			buildSettings = {
				ALWAYS_EMBED_SWIFT_STANDARD_LIBRARIES = YES;
				INFOPLIST_FILE = ParseChatUITests/Info.plist;
				LD_RUNPATH_SEARCH_PATHS = "$(inherited) @executable_path/Frameworks @loader_path/Frameworks";
				PRODUCT_BUNDLE_IDENTIFIER = com.splendid.ParseChatUITests;
				PRODUCT_NAME = "$(TARGET_NAME)";
				SWIFT_VERSION = 3.0;
				TEST_TARGET_NAME = ParseChat;
			};
			name = Release;
		};
/* End XCBuildConfiguration section */

/* Begin XCConfigurationList section */
		263CA3931DC2EEE000D729EA /* Build configuration list for PBXProject "ParseChat" */ = {
			isa = XCConfigurationList;
			buildConfigurations = (
				263CA3BE1DC2EEE000D729EA /* Debug */,
				263CA3BF1DC2EEE000D729EA /* Release */,
			);
			defaultConfigurationIsVisible = 0;
			defaultConfigurationName = Release;
		};
		263CA3C01DC2EEE000D729EA /* Build configuration list for PBXNativeTarget "ParseChat" */ = {
			isa = XCConfigurationList;
			buildConfigurations = (
				263CA3C11DC2EEE000D729EA /* Debug */,
				263CA3C21DC2EEE000D729EA /* Release */,
			);
			defaultConfigurationIsVisible = 0;
			defaultConfigurationName = Release;
		};
		263CA3C31DC2EEE000D729EA /* Build configuration list for PBXNativeTarget "ParseChatTests" */ = {
			isa = XCConfigurationList;
			buildConfigurations = (
				263CA3C41DC2EEE000D729EA /* Debug */,
				263CA3C51DC2EEE000D729EA /* Release */,
			);
			defaultConfigurationIsVisible = 0;
			defaultConfigurationName = Release;
		};
		263CA3C61DC2EEE000D729EA /* Build configuration list for PBXNativeTarget "ParseChatUITests" */ = {
			isa = XCConfigurationList;
			buildConfigurations = (
				263CA3C71DC2EEE000D729EA /* Debug */,
				263CA3C81DC2EEE000D729EA /* Release */,
			);
			defaultConfigurationIsVisible = 0;
			defaultConfigurationName = Release;
		};
/* End XCConfigurationList section */
	};
	rootObject = 263CA3901DC2EEE000D729EA /* Project object */;
}
